
Microsoft Visual Studio Solution File, Format Version 12.00
# Visual Studio Version 17
VisualStudioVersion = 17.8.34322.80
MinimumVisualStudioVersion = 10.0.40219.1
Project("{9A19103F-16F7-4668-BE54-9A1E7A4F7556}") = "EventScheduler", "EventScheduler\EventScheduler.csproj", "{1290ED5A-A7D9-46D1-AB2D-75C513198B5B}"
EndProject
Project("{E53339B2-1760-4266-BCC7-CA923CBCF16C}") = "docker-compose", "docker-compose.dcproj", "{CC74F5FE-2628-49E7-B78B-00C3BE356A00}"
EndProject
Global
	GlobalSection(SolutionConfigurationPlatforms) = preSolution
		Debug|Any CPU = Debug|Any CPU
		Release|Any CPU = Release|Any CPU
	EndGlobalSection
	GlobalSection(ProjectConfigurationPlatforms) = postSolution
		{1290ED5A-A7D9-46D1-AB2D-75C513198B5B}.Debug|Any CPU.ActiveCfg = Debug|Any CPU
		{1290ED5A-A7D9-46D1-AB2D-75C513198B5B}.Debug|Any CPU.Build.0 = Debug|Any CPU
		{1290ED5A-A7D9-46D1-AB2D-75C513198B5B}.Release|Any CPU.ActiveCfg = Release|Any CPU
		{1290ED5A-A7D9-46D1-AB2D-75C513198B5B}.Release|Any CPU.Build.0 = Release|Any CPU
		{CC74F5FE-2628-49E7-B78B-00C3BE356A00}.Debug|Any CPU.ActiveCfg = Debug|Any CPU
		{CC74F5FE-2628-49E7-B78B-00C3BE356A00}.Debug|Any CPU.Build.0 = Debug|Any CPU
		{CC74F5FE-2628-49E7-B78B-00C3BE356A00}.Release|Any CPU.ActiveCfg = Release|Any CPU
		{CC74F5FE-2628-49E7-B78B-00C3BE356A00}.Release|Any CPU.Build.0 = Release|Any CPU
	EndGlobalSection
	GlobalSection(SolutionProperties) = preSolution
		HideSolutionNode = FALSE
	EndGlobalSection
	GlobalSection(ExtensibilityGlobals) = postSolution
		SolutionGuid = {8FA45D91-A81C-4007-A439-6913491A3696}
	EndGlobalSection
EndGlobal
